{
  "name": "lion-lib-sample",
  "version": "1.0.0",
  "lockfileVersion": 1,
  "requires": true,
  "dependencies": {
    "accepts": {
      "version": "1.3.7",
      "resolved": "https://axags.artifactoryonline.com/axags/api/npm/virtual-mobilemiddleware/accepts/-/accepts-1.3.7.tgz",
      "integrity": "sha1-UxvHJlF6OytB+FACHGzBXqq1B80=",
      "requires": {
        "mime-types": "~2.1.24",
        "negotiator": "0.6.2"
      }
    },
    "array-flatten": {
      "version": "1.1.1",
      "resolved": "https://axags.artifactoryonline.com/axags/api/npm/virtual-mobilemiddleware/array-flatten/-/array-flatten-1.1.1.tgz",
      "integrity": "sha1-ml9pkFGx5wczKPKgCJaLZOopVdI="
    },
    "async": {
      "version": "2.6.2",
      "resolved": "https://axags.artifactoryonline.com/axags/api/npm/virtual-mobilemiddleware/async/-/async-2.6.2.tgz",
      "integrity": "sha1-GDMOp+bjE4h/XS8qkEusb+TdU4E=",
      "requires": {
        "lodash": "^4.17.11"
      }
    },
    "basic-auth": {
      "version": "2.0.1",
      "resolved": "https://axags.artifactoryonline.com/axags/api/npm/virtual-mobilemiddleware/basic-auth/-/basic-auth-2.0.1.tgz",
      "integrity": "sha1-uZgnm/R844NEtPPPkW1Gebv1Hjo=",
      "requires": {
        "safe-buffer": "5.1.2"
      }
    },
    "bluebird": {
      "version": "3.5.1",
      "resolved": "https://axags.artifactoryonline.com/axags/api/npm/virtual-mobilemiddleware/bluebird/-/bluebird-3.5.1.tgz",
      "integrity": "sha1-2VUfnemPH82h5oPRfukaBgLuLrk="
    },
    "body-parser": {
      "version": "1.19.0",
      "resolved": "https://axags.artifactoryonline.com/axags/api/npm/virtual-mobilemiddleware/body-parser/-/body-parser-1.19.0.tgz",
      "integrity": "sha1-lrJwnlfJxOCab9Zqj9l5hE9p8Io=",
      "requires": {
        "bytes": "3.1.0",
        "content-type": "~1.0.4",
        "debug": "2.6.9",
        "depd": "~1.1.2",
        "http-errors": "1.7.2",
        "iconv-lite": "0.4.24",
        "on-finished": "~2.3.0",
        "qs": "6.7.0",
        "raw-body": "2.4.0",
        "type-is": "~1.6.17"
      }
    },
    "bson": {
      "version": "1.1.1",
      "resolved": "https://axags.artifactoryonline.com/axags/api/npm/virtual-mobilemiddleware/bson/-/bson-1.1.1.tgz",
      "integrity": "sha1-QzD16ZEExOdR5zUYWeLUCCefLxM="
    },
    "bytes": {
      "version": "3.1.0",
      "resolved": "https://axags.artifactoryonline.com/axags/api/npm/virtual-mobilemiddleware/bytes/-/bytes-3.1.0.tgz",
      "integrity": "sha1-9s95M6Ng4FiPqf3oVlHNx/gF0fY="
    },
    "camelize": {
      "version": "1.0.0",
      "resolved": "https://axags.artifactoryonline.com/axags/api/npm/virtual-mobilemiddleware/camelize/-/camelize-1.0.0.tgz",
      "integrity": "sha1-FkpUg+Yw+kMh5a8HAg5TGDGyYJs="
    },
    "config": {
      "version": "3.1.0",
      "resolved": "https://axags.artifactoryonline.com/axags/api/npm/virtual-mobilemiddleware/config/-/config-3.1.0.tgz",
      "integrity": "sha1-x9ScQXHo9sthwdaeImR//WBJJUg=",
      "requires": {
        "json5": "^1.0.1"
      }
    },
    "content-disposition": {
      "version": "0.5.3",
      "resolved": "https://axags.artifactoryonline.com/axags/api/npm/virtual-mobilemiddleware/content-disposition/-/content-disposition-0.5.3.tgz",
      "integrity": "sha1-4TDK9+cnkIfFYWwgB9BIVpiYT70=",
      "requires": {
        "safe-buffer": "5.1.2"
      }
    },
    "content-security-policy-builder": {
      "version": "2.0.0",
      "resolved": "https://axags.artifactoryonline.com/axags/api/npm/virtual-mobilemiddleware/content-security-policy-builder/-/content-security-policy-builder-2.0.0.tgz",
      "integrity": "sha1-h0mh1UL8voIjcoHqn3Fs5os5TdI="
    },
    "content-type": {
      "version": "1.0.4",
      "resolved": "https://axags.artifactoryonline.com/axags/api/npm/virtual-mobilemiddleware/content-type/-/content-type-1.0.4.tgz",
      "integrity": "sha1-4TjMdeBAxyexlm/l5fjJruJW/js="
    },
    "cookie": {
      "version": "0.4.0",
      "resolved": "https://axags.artifactoryonline.com/axags/api/npm/virtual-mobilemiddleware/cookie/-/cookie-0.4.0.tgz",
      "integrity": "sha1-vrQ35wIrO21JAZ0IhmUwPr6cFLo="
    },
    "cookie-signature": {
      "version": "1.0.6",
      "resolved": "https://axags.artifactoryonline.com/axags/api/npm/virtual-mobilemiddleware/cookie-signature/-/cookie-signature-1.0.6.tgz",
      "integrity": "sha1-4wOogrNCzD7oylE6eZmXNNqzriw="
    },
    "dasherize": {
      "version": "2.0.0",
      "resolved": "https://axags.artifactoryonline.com/axags/api/npm/virtual-mobilemiddleware/dasherize/-/dasherize-2.0.0.tgz",
      "integrity": "sha1-bYCcnNDPe7iVLYD8hPoT1H3bEwg="
    },
    "debug": {
      "version": "2.6.9",
      "resolved": "https://axags.artifactoryonline.com/axags/api/npm/virtual-mobilemiddleware/debug/-/debug-2.6.9.tgz",
      "integrity": "sha1-XRKFFd8TT/Mn6QpMk/Tgd6U2NB8=",
      "requires": {
        "ms": "2.0.0"
      }
    },
    "depd": {
      "version": "1.1.2",
      "resolved": "https://axags.artifactoryonline.com/axags/api/npm/virtual-mobilemiddleware/depd/-/depd-1.1.2.tgz",
      "integrity": "sha1-m81S4UwJd2PnSbJ0xDRu0uVgtak="
    },
    "destroy": {
      "version": "1.0.4",
      "resolved": "https://axags.artifactoryonline.com/axags/api/npm/virtual-mobilemiddleware/destroy/-/destroy-1.0.4.tgz",
      "integrity": "sha1-l4hXRCxEdJ5CBmE+N5RiBYJqvYA="
    },
    "dns-prefetch-control": {
      "version": "0.1.0",
      "resolved": "https://axags.artifactoryonline.com/axags/api/npm/virtual-mobilemiddleware/dns-prefetch-control/-/dns-prefetch-control-0.1.0.tgz",
      "integrity": "sha1-YN20V3dOF48flBXwyrsOhbCzALI="
    },
    "dont-sniff-mimetype": {
      "version": "1.0.0",
      "resolved": "https://axags.artifactoryonline.com/axags/api/npm/virtual-mobilemiddleware/dont-sniff-mimetype/-/dont-sniff-mimetype-1.0.0.tgz",
      "integrity": "sha1-WTKJDcn04vGeXrAqIAJuXl78j1g="
    },
    "ee-first": {
      "version": "1.1.1",
      "resolved": "https://axags.artifactoryonline.com/axags/api/npm/virtual-mobilemiddleware/ee-first/-/ee-first-1.1.1.tgz",
      "integrity": "sha1-WQxhFWsK4vTwJVcyoViyZrxWsh0="
    },
    "encodeurl": {
      "version": "1.0.2",
      "resolved": "https://axags.artifactoryonline.com/axags/api/npm/virtual-mobilemiddleware/encodeurl/-/encodeurl-1.0.2.tgz",
      "integrity": "sha1-rT/0yG7C0CkyL1oCw6mmBslbP1k="
    },
    "escape-html": {
      "version": "1.0.3",
      "resolved": "https://axags.artifactoryonline.com/axags/api/npm/virtual-mobilemiddleware/escape-html/-/escape-html-1.0.3.tgz",
      "integrity": "sha1-Aljq5NPQwJdN4cFpGI7wBR0dGYg="
    },
    "etag": {
      "version": "1.8.1",
      "resolved": "https://axags.artifactoryonline.com/axags/api/npm/virtual-mobilemiddleware/etag/-/etag-1.8.1.tgz",
      "integrity": "sha1-Qa4u62XvpiJorr/qg6x9eSmbCIc="
    },
    "expect-ct": {
      "version": "0.2.0",
      "resolved": "https://axags.artifactoryonline.com/axags/api/npm/virtual-mobilemiddleware/expect-ct/-/expect-ct-0.2.0.tgz",
      "integrity": "sha1-OlR0G27TTMepMwXGBfY80milSmI="
    },
    "express": {
      "version": "4.17.1",
      "resolved": "https://axags.artifactoryonline.com/axags/api/npm/virtual-mobilemiddleware/express/-/express-4.17.1.tgz",
      "integrity": "sha1-RJH8OGBc9R+GKdOcK10Cb5ikwTQ=",
      "requires": {
        "accepts": "~1.3.7",
        "array-flatten": "1.1.1",
        "body-parser": "1.19.0",
        "content-disposition": "0.5.3",
        "content-type": "~1.0.4",
        "cookie": "0.4.0",
        "cookie-signature": "1.0.6",
        "debug": "2.6.9",
        "depd": "~1.1.2",
        "encodeurl": "~1.0.2",
        "escape-html": "~1.0.3",
        "etag": "~1.8.1",
        "finalhandler": "~1.1.2",
        "fresh": "0.5.2",
        "merge-descriptors": "1.0.1",
        "methods": "~1.1.2",
        "on-finished": "~2.3.0",
        "parseurl": "~1.3.3",
        "path-to-regexp": "0.1.7",
        "proxy-addr": "~2.0.5",
        "qs": "6.7.0",
        "range-parser": "~1.2.1",
        "safe-buffer": "5.1.2",
        "send": "0.17.1",
        "serve-static": "1.14.1",
        "setprototypeof": "1.1.1",
        "statuses": "~1.5.0",
        "type-is": "~1.6.18",
        "utils-merge": "1.0.1",
        "vary": "~1.1.2"
      }
    },
    "feature-policy": {
      "version": "0.3.0",
      "resolved": "https://axags.artifactoryonline.com/axags/api/npm/virtual-mobilemiddleware/feature-policy/-/feature-policy-0.3.0.tgz",
      "integrity": "sha1-dDDo5UpA2gEVbKMKrsGjgc5TYGk="
    },
    "finalhandler": {
      "version": "1.1.2",
      "resolved": "https://axags.artifactoryonline.com/axags/api/npm/virtual-mobilemiddleware/finalhandler/-/finalhandler-1.1.2.tgz",
      "integrity": "sha1-t+fQAP/RGTjQ/bBTUG9uur6fWH0=",
      "requires": {
        "debug": "2.6.9",
        "encodeurl": "~1.0.2",
        "escape-html": "~1.0.3",
        "on-finished": "~2.3.0",
        "parseurl": "~1.3.3",
        "statuses": "~1.5.0",
        "unpipe": "~1.0.0"
      }
    },
    "forwarded": {
      "version": "0.1.2",
      "resolved": "https://axags.artifactoryonline.com/axags/api/npm/virtual-mobilemiddleware/forwarded/-/forwarded-0.1.2.tgz",
      "integrity": "sha1-mMI9qxF1ZXuMBXPozszZGw/xjIQ="
    },
    "frameguard": {
      "version": "3.1.0",
      "resolved": "https://axags.artifactoryonline.com/axags/api/npm/virtual-mobilemiddleware/frameguard/-/frameguard-3.1.0.tgz",
      "integrity": "sha1-vRRCzKHWfcNGpnUVWbbQRQIQOiI="
    },
    "fresh": {
      "version": "0.5.2",
      "resolved": "https://axags.artifactoryonline.com/axags/api/npm/virtual-mobilemiddleware/fresh/-/fresh-0.5.2.tgz",
      "integrity": "sha1-PYyt2Q2XZWn6g1qx+OSyOhBWBac="
    },
    "helmet": {
      "version": "3.18.0",
      "resolved": "https://axags.artifactoryonline.com/axags/api/npm/virtual-mobilemiddleware/helmet/-/helmet-3.18.0.tgz",
      "integrity": "sha1-N2ZvfIYb0f8wFeDNuQOkNQHj2j4=",
      "requires": {
        "depd": "2.0.0",
        "dns-prefetch-control": "0.1.0",
        "dont-sniff-mimetype": "1.0.0",
        "expect-ct": "0.2.0",
        "feature-policy": "0.3.0",
        "frameguard": "3.1.0",
        "helmet-crossdomain": "0.3.0",
        "helmet-csp": "2.7.1",
        "hide-powered-by": "1.0.0",
        "hpkp": "2.0.0",
        "hsts": "2.2.0",
        "ienoopen": "1.1.0",
        "nocache": "2.1.0",
        "referrer-policy": "1.2.0",
        "x-xss-protection": "1.1.0"
      },
      "dependencies": {
        "depd": {
          "version": "2.0.0",
          "resolved": "https://axags.artifactoryonline.com/axags/api/npm/virtual-mobilemiddleware/depd/-/depd-2.0.0.tgz",
          "integrity": "sha1-tpYWPMdXVg0JzyLMj60Vcbeedt8="
        }
      }
    },
    "helmet-crossdomain": {
      "version": "0.3.0",
      "resolved": "https://axags.artifactoryonline.com/axags/api/npm/virtual-mobilemiddleware/helmet-crossdomain/-/helmet-crossdomain-0.3.0.tgz",
      "integrity": "sha1-cH4t+TDxOtYfdu0I4btRqysuhfo="
    },
    "helmet-csp": {
      "version": "2.7.1",
      "resolved": "https://axags.artifactoryonline.com/axags/api/npm/virtual-mobilemiddleware/helmet-csp/-/helmet-csp-2.7.1.tgz",
      "integrity": "sha1-6OC1GG/9TbYlz8zlI3WK2/rbnco=",
      "requires": {
        "camelize": "1.0.0",
        "content-security-policy-builder": "2.0.0",
        "dasherize": "2.0.0",
        "platform": "1.3.5"
      }
    },
    "hide-powered-by": {
      "version": "1.0.0",
      "resolved": "https://axags.artifactoryonline.com/axags/api/npm/virtual-mobilemiddleware/hide-powered-by/-/hide-powered-by-1.0.0.tgz",
      "integrity": "sha1-SoWtZYgfYoV/xwr3F0oRhNzM4ys="
    },
    "hoek": {
      "version": "6.1.3",
      "resolved": "https://axags.artifactoryonline.com/axags/api/npm/virtual-mobilemiddleware/hoek/-/hoek-6.1.3.tgz",
      "integrity": "sha1-c7fTOVLgH+J6OLBFcpS3ndjaJCw="
    },
    "hpkp": {
      "version": "2.0.0",
      "resolved": "https://axags.artifactoryonline.com/axags/api/npm/virtual-mobilemiddleware/hpkp/-/hpkp-2.0.0.tgz",
      "integrity": "sha1-EOFCJk52IVpdMMROxD3mTe5tFnI="
    },
    "hsts": {
      "version": "2.2.0",
      "resolved": "https://axags.artifactoryonline.com/axags/api/npm/virtual-mobilemiddleware/hsts/-/hsts-2.2.0.tgz",
      "integrity": "sha1-CRGdQveoWHA10CfdpFIjZv512WQ=",
      "requires": {
        "depd": "2.0.0"
      },
      "dependencies": {
        "depd": {
          "version": "2.0.0",
          "resolved": "https://axags.artifactoryonline.com/axags/api/npm/virtual-mobilemiddleware/depd/-/depd-2.0.0.tgz",
          "integrity": "sha1-tpYWPMdXVg0JzyLMj60Vcbeedt8="
        }
      }
    },
    "http-errors": {
      "version": "1.7.2",
      "resolved": "https://axags.artifactoryonline.com/axags/api/npm/virtual-mobilemiddleware/http-errors/-/http-errors-1.7.2.tgz",
      "integrity": "sha1-T1ApzxMjnzEDblsuVSkrz7zIXI8=",
      "requires": {
        "depd": "~1.1.2",
        "inherits": "2.0.3",
        "setprototypeof": "1.1.1",
        "statuses": ">= 1.5.0 < 2",
        "toidentifier": "1.0.0"
      }
    },
    "iconv-lite": {
      "version": "0.4.24",
      "resolved": "https://axags.artifactoryonline.com/axags/api/npm/virtual-mobilemiddleware/iconv-lite/-/iconv-lite-0.4.24.tgz",
      "integrity": "sha1-ICK0sl+93CHS9SSXSkdKr+czkIs=",
      "requires": {
        "safer-buffer": ">= 2.1.2 < 3"
      }
    },
    "ienoopen": {
      "version": "1.1.0",
      "resolved": "https://axags.artifactoryonline.com/axags/api/npm/virtual-mobilemiddleware/ienoopen/-/ienoopen-1.1.0.tgz",
      "integrity": "sha1-QR5dUwyYIofb3DuzHnqcnjJjCXQ="
    },
    "inherits": {
      "version": "2.0.3",
      "resolved": "https://axags.artifactoryonline.com/axags/api/npm/virtual-mobilemiddleware/inherits/-/inherits-2.0.3.tgz",
      "integrity": "sha1-Yzwsg+PaQqUC9SRmAiSA9CCCYd4="
    },
    "ipaddr.js": {
      "version": "1.9.0",
      "resolved": "https://axags.artifactoryonline.com/axags/api/npm/virtual-mobilemiddleware/ipaddr.js/-/ipaddr.js-1.9.0.tgz",
      "integrity": "sha1-N9905DCg5HVQ/lSi3v4w2KzZX2U="
    },
    "isemail": {
      "version": "3.2.0",
      "resolved": "https://axags.artifactoryonline.com/axags/api/npm/virtual-mobilemiddleware/isemail/-/isemail-3.2.0.tgz",
      "integrity": "sha1-WTEKAhkxqfsGu7UeFVzgs/I2gyw=",
      "requires": {
        "punycode": "2.x.x"
      }
    },
    "joi": {
      "version": "14.3.1",
      "resolved": "https://axags.artifactoryonline.com/axags/api/npm/virtual-mobilemiddleware/joi/-/joi-14.3.1.tgz",
      "integrity": "sha1-FkomLsC4VUZuDDXuoqiFrotscDw=",
      "requires": {
        "hoek": "6.x.x",
        "isemail": "3.x.x",
        "topo": "3.x.x"
      }
    },
    "json5": {
      "version": "1.0.1",
      "resolved": "https://axags.artifactoryonline.com/axags/api/npm/virtual-mobilemiddleware/json5/-/json5-1.0.1.tgz",
      "integrity": "sha1-d5+wAYYE+oVOrL9iUhgNg1Q+Pb4=",
      "requires": {
        "minimist": "^1.2.0"
      }
    },
    "kareem": {
      "version": "2.3.0",
      "resolved": "https://axags.artifactoryonline.com/axags/api/npm/virtual-mobilemiddleware/kareem/-/kareem-2.3.0.tgz",
      "integrity": "sha1-7zPELpAk3OUR7q9EDNaE868fx2k="
    },
    "lodash": {
      "version": "4.17.11",
      "resolved": "https://axags.artifactoryonline.com/axags/api/npm/virtual-mobilemiddleware/lodash/-/lodash-4.17.11.tgz",
      "integrity": "sha1-s56mIp72B+zYniyN8SU2iRysm40="
    },
    "media-typer": {
      "version": "0.3.0",
      "resolved": "https://axags.artifactoryonline.com/axags/api/npm/virtual-mobilemiddleware/media-typer/-/media-typer-0.3.0.tgz",
      "integrity": "sha1-hxDXrwqmJvj/+hzgAWhUUmMlV0g="
    },
    "memory-pager": {
      "version": "1.5.0",
      "resolved": "https://axags.artifactoryonline.com/axags/api/npm/virtual-mobilemiddleware/memory-pager/-/memory-pager-1.5.0.tgz",
      "integrity": "sha1-2HUWVdItOEaCdByXLyw9bfo+ZrU=",
      "optional": true
    },
    "merge-descriptors": {
      "version": "1.0.1",
      "resolved": "https://axags.artifactoryonline.com/axags/api/npm/virtual-mobilemiddleware/merge-descriptors/-/merge-descriptors-1.0.1.tgz",
      "integrity": "sha1-sAqqVW3YtEVoFQ7J0blT8/kMu2E="
    },
    "methods": {
      "version": "1.1.2",
      "resolved": "https://axags.artifactoryonline.com/axags/api/npm/virtual-mobilemiddleware/methods/-/methods-1.1.2.tgz",
      "integrity": "sha1-VSmk1nZUE07cxSZmVoNbD4Ua/O4="
    },
    "mime": {
      "version": "1.6.0",
      "resolved": "https://axags.artifactoryonline.com/axags/api/npm/virtual-mobilemiddleware/mime/-/mime-1.6.0.tgz",
      "integrity": "sha1-Ms2eXGRVO9WNGaVor0Uqz/BJgbE="
    },
    "mime-db": {
      "version": "1.40.0",
      "resolved": "https://axags.artifactoryonline.com/axags/api/npm/virtual-mobilemiddleware/mime-db/-/mime-db-1.40.0.tgz",
      "integrity": "sha1-plBX6ZjbCQ9zKmj2wnbTh9QSbDI="
    },
    "mime-types": {
      "version": "2.1.24",
      "resolved": "https://axags.artifactoryonline.com/axags/api/npm/virtual-mobilemiddleware/mime-types/-/mime-types-2.1.24.tgz",
      "integrity": "sha1-tvjQs+lR77d97eyhlM/20W9nb4E=",
      "requires": {
        "mime-db": "1.40.0"
      }
    },
    "minimist": {
      "version": "1.2.0",
      "resolved": "https://axags.artifactoryonline.com/axags/api/npm/virtual-mobilemiddleware/minimist/-/minimist-1.2.0.tgz",
      "integrity": "sha1-o1AIsg9BOD7sH7kU9M1d95omQoQ="
    },
    "mongodb": {
      "version": "3.2.6",
      "resolved": "https://axags.artifactoryonline.com/axags/api/npm/virtual-mobilemiddleware/mongodb/-/mongodb-3.2.6.tgz",
      "integrity": "sha1-v9I7wK5sxXRDzSVq7CSqTcK5ny8=",
      "requires": {
        "mongodb-core": "3.2.6",
        "safe-buffer": "^5.1.2"
      }
    },
    "mongodb-core": {
      "version": "3.2.6",
      "resolved": "https://axags.artifactoryonline.com/axags/api/npm/virtual-mobilemiddleware/mongodb-core/-/mongodb-core-3.2.6.tgz",
      "integrity": "sha1-VSK3IadEcgonoHspF30Q/oSa0g4=",
      "requires": {
        "bson": "^1.1.1",
        "require_optional": "^1.0.1",
        "safe-buffer": "^5.1.2",
        "saslprep": "^1.0.0"
      }
    },
    "mongoose": {
      "version": "5.5.13",
      "resolved": "https://axags.artifactoryonline.com/axags/api/npm/virtual-mobilemiddleware/mongoose/-/mongoose-5.5.13.tgz",
      "integrity": "sha1-OJAFK+dC0Gn5fIsDwnjwtEYo6Tw=",
      "requires": {
        "async": "2.6.2",
        "bson": "~1.1.1",
        "kareem": "2.3.0",
        "mongodb": "3.2.6",
        "mongodb-core": "3.2.6",
        "mongoose-legacy-pluralize": "1.0.2",
        "mpath": "0.6.0",
        "mquery": "3.2.0",
        "ms": "2.1.1",
        "regexp-clone": "0.0.1",
        "safe-buffer": "5.1.2",
        "sift": "7.0.1",
        "sliced": "1.0.1"
      },
      "dependencies": {
        "ms": {
          "version": "2.1.1",
          "resolved": "https://axags.artifactoryonline.com/axags/api/npm/virtual-mobilemiddleware/ms/-/ms-2.1.1.tgz",
          "integrity": "sha1-MKWGTrPrsKZvLr5tcnrwagnYbgo="
        }
      }
    },
    "mongoose-legacy-pluralize": {
      "version": "1.0.2",
      "resolved": "https://axags.artifactoryonline.com/axags/api/npm/virtual-mobilemiddleware/mongoose-legacy-pluralize/-/mongoose-legacy-pluralize-1.0.2.tgz",
      "integrity": "sha1-O6n5H6UHtRhtOZ+0CFS/8Y+1Y+Q="
    },
    "morgan": {
      "version": "1.9.1",
      "resolved": "https://axags.artifactoryonline.com/axags/api/npm/virtual-mobilemiddleware/morgan/-/morgan-1.9.1.tgz",
      "integrity": "sha1-Co0Wc0odmvvIJLmd+H5zjlji2lk=",
      "requires": {
        "basic-auth": "~2.0.0",
        "debug": "2.6.9",
        "depd": "~1.1.2",
        "on-finished": "~2.3.0",
        "on-headers": "~1.0.1"
      }
    },
    "mpath": {
      "version": "0.6.0",
      "resolved": "https://axags.artifactoryonline.com/axags/api/npm/virtual-mobilemiddleware/mpath/-/mpath-0.6.0.tgz",
      "integrity": "sha1-qpIgKfyk8PZB82DnTFwbakxHB44="
    },
    "mquery": {
      "version": "3.2.0",
      "resolved": "https://axags.artifactoryonline.com/axags/api/npm/virtual-mobilemiddleware/mquery/-/mquery-3.2.0.tgz",
      "integrity": "sha1-4nZHKr1RCWhqFesqjgdh24E8gcw=",
      "requires": {
        "bluebird": "3.5.1",
        "debug": "3.1.0",
        "regexp-clone": "0.0.1",
        "safe-buffer": "5.1.2",
        "sliced": "1.0.1"
      },
      "dependencies": {
        "debug": {
          "version": "3.1.0",
          "resolved": "https://axags.artifactoryonline.com/axags/api/npm/virtual-mobilemiddleware/debug/-/debug-3.1.0.tgz",
          "integrity": "sha1-W7WgZyYotkFJVmuhaBnmFRjGcmE=",
          "requires": {
            "ms": "2.0.0"
          }
        }
      }
    },
    "ms": {
      "version": "2.0.0",
      "resolved": "https://axags.artifactoryonline.com/axags/api/npm/virtual-mobilemiddleware/ms/-/ms-2.0.0.tgz",
      "integrity": "sha1-VgiurfwAvmwpAd9fmGF4jeDVl8g="
    },
    "negotiator": {
      "version": "0.6.2",
      "resolved": "https://axags.artifactoryonline.com/axags/api/npm/virtual-mobilemiddleware/negotiator/-/negotiator-0.6.2.tgz",
      "integrity": "sha1-/qz3zPUlp3rpY0Q2pkiD/+yjRvs="
    },
    "nocache": {
      "version": "2.1.0",
      "resolved": "https://axags.artifactoryonline.com/axags/api/npm/virtual-mobilemiddleware/nocache/-/nocache-2.1.0.tgz",
      "integrity": "sha1-Egyf/sQ7Vymx1d6IzXGqdaC6SR8="
    },
    "on-finished": {
      "version": "2.3.0",
      "resolved": "https://axags.artifactoryonline.com/axags/api/npm/virtual-mobilemiddleware/on-finished/-/on-finished-2.3.0.tgz",
      "integrity": "sha1-IPEzZIGwg811M3mSoWlxqi2QaUc=",
      "requires": {
        "ee-first": "1.1.1"
      }
    },
    "on-headers": {
      "version": "1.0.2",
      "resolved": "https://axags.artifactoryonline.com/axags/api/npm/virtual-mobilemiddleware/on-headers/-/on-headers-1.0.2.tgz",
      "integrity": "sha1-dysK5qqlJcOZ5Imt+tkMQD6zwo8="
    },
    "parseurl": {
      "version": "1.3.3",
      "resolved": "https://axags.artifactoryonline.com/axags/api/npm/virtual-mobilemiddleware/parseurl/-/parseurl-1.3.3.tgz",
      "integrity": "sha1-naGee+6NEt/wUT7Vt2lXeTvC6NQ="
    },
    "path-to-regexp": {
      "version": "0.1.7",
      "resolved": "https://axags.artifactoryonline.com/axags/api/npm/virtual-mobilemiddleware/path-to-regexp/-/path-to-regexp-0.1.7.tgz",
      "integrity": "sha1-32BBeABfUi8V60SQ5yR6G/qmf4w="
    },
    "platform": {
      "version": "1.3.5",
      "resolved": "https://axags.artifactoryonline.com/axags/api/npm/virtual-mobilemiddleware/platform/-/platform-1.3.5.tgz",
      "integrity": "sha1-+2lYxpbgfikY0u7aDwvJRI1zNEQ="
    },
    "proxy-addr": {
      "version": "2.0.5",
      "resolved": "https://axags.artifactoryonline.com/axags/api/npm/virtual-mobilemiddleware/proxy-addr/-/proxy-addr-2.0.5.tgz",
      "integrity": "sha1-NMvWSi2B9LH9IedvnwbIpFKZ7jQ=",
      "requires": {
        "forwarded": "~0.1.2",
        "ipaddr.js": "1.9.0"
      }
    },
    "punycode": {
      "version": "2.1.1",
      "resolved": "https://axags.artifactoryonline.com/axags/api/npm/virtual-mobilemiddleware/punycode/-/punycode-2.1.1.tgz",
      "integrity": "sha1-tYsBCsQMIsVldhbI0sLALHv0eew="
    },
    "qs": {
      "version": "6.7.0",
      "resolved": "https://axags.artifactoryonline.com/axags/api/npm/virtual-mobilemiddleware/qs/-/qs-6.7.0.tgz",
      "integrity": "sha1-QdwaAV49WB8WIXdr4xr7KHapsbw="
    },
    "range-parser": {
      "version": "1.2.1",
      "resolved": "https://axags.artifactoryonline.com/axags/api/npm/virtual-mobilemiddleware/range-parser/-/range-parser-1.2.1.tgz",
      "integrity": "sha1-PPNwI9GZ4cJNGlW4SADC8+ZGgDE="
    },
    "raw-body": {
      "version": "2.4.0",
      "resolved": "https://axags.artifactoryonline.com/axags/api/npm/virtual-mobilemiddleware/raw-body/-/raw-body-2.4.0.tgz",
      "integrity": "sha1-oc5vucm8NWylLoklarWQWeE9AzI=",
      "requires": {
        "bytes": "3.1.0",
        "http-errors": "1.7.2",
        "iconv-lite": "0.4.24",
        "unpipe": "1.0.0"
      }
    },
    "referrer-policy": {
      "version": "1.2.0",
      "resolved": "https://axags.artifactoryonline.com/axags/api/npm/virtual-mobilemiddleware/referrer-policy/-/referrer-policy-1.2.0.tgz",
      "integrity": "sha1-uZz7i1cJDcRUiV74l6TMNe9nqY4="
    },
    "regexp-clone": {
      "version": "0.0.1",
      "resolved": "https://axags.artifactoryonline.com/axags/api/npm/virtual-mobilemiddleware/regexp-clone/-/regexp-clone-0.0.1.tgz",
      "integrity": "sha1-p8LgmJH9vzj7sQ03b7cwA+aKxYk="
    },
    "require_optional": {
      "version": "1.0.1",
      "resolved": "https://axags.artifactoryonline.com/axags/api/npm/virtual-mobilemiddleware/require_optional/-/require_optional-1.0.1.tgz",
      "integrity": "sha1-TPNaQkf2TKPfjC7yCMxJSxyo/C4=",
      "requires": {
        "resolve-from": "^2.0.0",
        "semver": "^5.1.0"
      }
    },
    "resolve-from": {
      "version": "2.0.0",
      "resolved": "https://axags.artifactoryonline.com/axags/api/npm/virtual-mobilemiddleware/resolve-from/-/resolve-from-2.0.0.tgz",
      "integrity": "sha1-lICrIOlP+h2egKgEx+oUdhGWa1c="
    },
    "safe-buffer": {
      "version": "5.1.2",
      "resolved": "https://axags.artifactoryonline.com/axags/api/npm/virtual-mobilemiddleware/safe-buffer/-/safe-buffer-5.1.2.tgz",
      "integrity": "sha1-mR7GnSluAxN0fVm9/St0XDX4go0="
    },
    "safer-buffer": {
      "version": "2.1.2",
      "resolved": "https://axags.artifactoryonline.com/axags/api/npm/virtual-mobilemiddleware/safer-buffer/-/safer-buffer-2.1.2.tgz",
      "integrity": "sha1-RPoWGwGHuVSd2Eu5GAL5vYOFzWo="
    },
    "saslprep": {
      "version": "1.0.3",
      "resolved": "https://axags.artifactoryonline.com/axags/api/npm/virtual-mobilemiddleware/saslprep/-/saslprep-1.0.3.tgz",
      "integrity": "sha1-TAL5RrVs9UKX40e6EJPnrKxM8iY=",
      "optional": true,
      "requires": {
        "sparse-bitfield": "^3.0.3"
      }
    },
    "semver": {
      "version": "5.7.0",
      "resolved": "https://axags.artifactoryonline.com/axags/api/npm/virtual-mobilemiddleware/semver/-/semver-5.7.0.tgz",
      "integrity": "sha1-eQp89v6lRZuslhELKbYEEtyP+Ws="
    },
    "send": {
      "version": "0.17.1",
      "resolved": "https://axags.artifactoryonline.com/axags/api/npm/virtual-mobilemiddleware/send/-/send-0.17.1.tgz",
      "integrity": "sha1-wdiwWfeQD3Rm3Uk4vcROEd2zdsg=",
      "requires": {
        "debug": "2.6.9",
        "depd": "~1.1.2",
        "destroy": "~1.0.4",
        "encodeurl": "~1.0.2",
        "escape-html": "~1.0.3",
        "etag": "~1.8.1",
        "fresh": "0.5.2",
        "http-errors": "~1.7.2",
        "mime": "1.6.0",
        "ms": "2.1.1",
        "on-finished": "~2.3.0",
        "range-parser": "~1.2.1",
        "statuses": "~1.5.0"
      },
      "dependencies": {
        "ms": {
          "version": "2.1.1",
          "resolved": "https://axags.artifactoryonline.com/axags/api/npm/virtual-mobilemiddleware/ms/-/ms-2.1.1.tgz",
          "integrity": "sha1-MKWGTrPrsKZvLr5tcnrwagnYbgo="
        }
      }
    },
    "serve-static": {
      "version": "1.14.1",
      "resolved": "https://axags.artifactoryonline.com/axags/api/npm/virtual-mobilemiddleware/serve-static/-/serve-static-1.14.1.tgz",
      "integrity": "sha1-Zm5jbcTwEPfvKZcKiKZ0MgiYsvk=",
      "requires": {
        "encodeurl": "~1.0.2",
        "escape-html": "~1.0.3",
        "parseurl": "~1.3.3",
        "send": "0.17.1"
      }
    },
    "setprototypeof": {
      "version": "1.1.1",
      "resolved": "https://axags.artifactoryonline.com/axags/api/npm/virtual-mobilemiddleware/setprototypeof/-/setprototypeof-1.1.1.tgz",
      "integrity": "sha1-fpWsskqpL1iF4KvvW6ExMw1K5oM="
    },
    "sift": {
      "version": "7.0.1",
      "resolved": "https://axags.artifactoryonline.com/axags/api/npm/virtual-mobilemiddleware/sift/-/sift-7.0.1.tgz",
      "integrity": "sha1-R9YsULFZ0xbxNy+LU/nBDNIaSwg="
    },
    "sliced": {
      "version": "1.0.1",
      "resolved": "https://axags.artifactoryonline.com/axags/api/npm/virtual-mobilemiddleware/sliced/-/sliced-1.0.1.tgz",
      "integrity": "sha1-CzpmK10Ewxd7GSa+qCsD+Dei70E="
    },
    "sparse-bitfield": {
      "version": "3.0.3",
      "resolved": "https://axags.artifactoryonline.com/axags/api/npm/virtual-mobilemiddleware/sparse-bitfield/-/sparse-bitfield-3.0.3.tgz",
      "integrity": "sha1-/0rm5oZWBWuks+eSqzM004JzyhE=",
      "optional": true,
      "requires": {
        "memory-pager": "^1.0.2"
      }
    },
    "statuses": {
      "version": "1.5.0",
      "resolved": "https://axags.artifactoryonline.com/axags/api/npm/virtual-mobilemiddleware/statuses/-/statuses-1.5.0.tgz",
      "integrity": "sha1-Fhx9rBd2Wf2YEfQ3cfqZOBR4Yow="
    },
    "toidentifier": {
      "version": "1.0.0",
      "resolved": "https://axags.artifactoryonline.com/axags/api/npm/virtual-mobilemiddleware/toidentifier/-/toidentifier-1.0.0.tgz",
      "integrity": "sha1-fhvjRw8ed5SLxD2Uo8j013UrpVM="
    },
    "topo": {
      "version": "3.0.3",
      "resolved": "https://axags.artifactoryonline.com/axags/api/npm/virtual-mobilemiddleware/topo/-/topo-3.0.3.tgz",
      "integrity": "sha1-1aZ/suaTB+vusIQC7Coqb1962Vw=",
      "requires": {
        "hoek": "6.x.x"
      }
    },
    "type-is": {
      "version": "1.6.18",
      "resolved": "https://axags.artifactoryonline.com/axags/api/npm/virtual-mobilemiddleware/type-is/-/type-is-1.6.18.tgz",
      "integrity": "sha1-TlUs0F3wlGfcvE73Od6J8s83wTE=",
      "requires": {
        "media-typer": "0.3.0",
        "mime-types": "~2.1.24"
      }
    },
    "underscore": {
      "version": "1.4.0",
      "resolved": "https://axags.artifactoryonline.com/axags/api/npm/virtual-mobilemiddleware/underscore/-/underscore-1.4.0.tgz",
      "integrity": "sha1-yq9RDCcsu1N0iiJdz9kG5fWlzN0="
    },
    "unpipe": {
      "version": "1.0.0",
      "resolved": "https://axags.artifactoryonline.com/axags/api/npm/virtual-mobilemiddleware/unpipe/-/unpipe-1.0.0.tgz",
      "integrity": "sha1-sr9O6FFKrmFltIF4KdIbLvSZBOw="
    },
    "utils-merge": {
      "version": "1.0.1",
      "resolved": "https://axags.artifactoryonline.com/axags/api/npm/virtual-mobilemiddleware/utils-merge/-/utils-merge-1.0.1.tgz",
      "integrity": "sha1-n5VxD1CiZ5R7LMwSR0HBAoQn5xM="
    },
    "vary": {
      "version": "1.1.2",
      "resolved": "https://axags.artifactoryonline.com/axags/api/npm/virtual-mobilemiddleware/vary/-/vary-1.1.2.tgz",
      "integrity": "sha1-IpnwLG3tMNSllhsLn3RSShj2NPw="
    },
    "x-xss-protection": {
      "version": "1.1.0",
      "resolved": "https://axags.artifactoryonline.com/axags/api/npm/virtual-mobilemiddleware/x-xss-protection/-/x-xss-protection-1.1.0.tgz",
      "integrity": "sha1-TxiYwzLesefyvhKA77PixT1pwac="
    }
  }
}
